{
  "lockfile_version": "1",
  "packages": {
    "awscli2": {
      "resolved": "github:NixOS/nixpkgs/75a52265bda7fd25e06e3a67dee3f0354e73243c#awscli2",
      "source": "nixpkg"
    },
    "k9s@latest": {
      "last_modified": "2024-12-23T21:10:33Z",
      "resolved": "github:NixOS/nixpkgs/de1864217bfa9b5845f465e771e0ecb48b30e02d#k9s",
      "source": "devbox-search",
      "version": "0.32.7",
      "systems": {
        "aarch64-darwin": {
          "outputs": [
            {
              "name": "out",
              "path": "/nix/store/j34ib6fncah841fs9f735jydwl9mgrcq-k9s-0.32.7",
              "default": true
            }
          ],
          "store_path": "/nix/store/j34ib6fncah841fs9f735jydwl9mgrcq-k9s-0.32.7"
        },
        "aarch64-linux": {
          "outputs": [
            {
              "name": "out",
              "path": "/nix/store/0dzcr6jpjyr94rvc05lvpyh3aq0ispbw-k9s-0.32.7",
              "default": true
            }
          ],
          "store_path": "/nix/store/0dzcr6jpjyr94rvc05lvpyh3aq0ispbw-k9s-0.32.7"
        },
        "x86_64-darwin": {
          "outputs": [
            {
              "name": "out",
              "path": "/nix/store/fnxpjszlgh4g25jl96xxcm0wxd0n7h0i-k9s-0.32.7",
              "default": true
            }
          ],
          "store_path": "/nix/store/fnxpjszlgh4g25jl96xxcm0wxd0n7h0i-k9s-0.32.7"
        },
        "x86_64-linux": {
          "outputs": [
            {
              "name": "out",
              "path": "/nix/store/acfv4993hw202l9zrrmgrjf3bk7imaym-k9s-0.32.7",
              "default": true
            }
          ],
          "store_path": "/nix/store/acfv4993hw202l9zrrmgrjf3bk7imaym-k9s-0.32.7"
        }
      }
    },
    "kluctl@latest": {
      "last_modified": "2024-12-23T21:10:33Z",
      "resolved": "github:NixOS/nixpkgs/de1864217bfa9b5845f465e771e0ecb48b30e02d#kluctl",
      "source": "devbox-search",
      "version": "2.26.0",
      "systems": {
        "aarch64-darwin": {
          "outputs": [
            {
              "name": "out",
              "path": "/nix/store/79xbawk585yx2iizsv8z3wwc1zd0ghsz-kluctl-2.26.0",
              "default": true
            }
          ],
          "store_path": "/nix/store/79xbawk585yx2iizsv8z3wwc1zd0ghsz-kluctl-2.26.0"
        },
        "aarch64-linux": {
          "outputs": [
            {
              "name": "out",
              "path": "/nix/store/4x2nnla19nz6sr6bhjlqxnswk24mig6q-kluctl-2.26.0",
              "default": true
            }
          ],
          "store_path": "/nix/store/4x2nnla19nz6sr6bhjlqxnswk24mig6q-kluctl-2.26.0"
        },
        "x86_64-darwin": {
          "outputs": [
            {
              "name": "out",
              "path": "/nix/store/dyxxflfxakmgnp1crqax7mk7j2ca8py8-kluctl-2.26.0",
              "default": true
            }
          ],
          "store_path": "/nix/store/dyxxflfxakmgnp1crqax7mk7j2ca8py8-kluctl-2.26.0"
        },
        "x86_64-linux": {
          "outputs": [
            {
              "name": "out",
              "path": "/nix/store/zr34w9scjpi2pv59ayv1f6gk1kp2rn7r-kluctl-2.26.0",
              "default": true
            }
          ],
          "store_path": "/nix/store/zr34w9scjpi2pv59ayv1f6gk1kp2rn7r-kluctl-2.26.0"
        }
      }
    },
    "kubectl@latest": {
      "last_modified": "2025-01-14T19:01:50Z",
      "resolved": "github:NixOS/nixpkgs/733994ea06585b76621073160e87b0bfac7fc5ae#kubectl",
      "source": "devbox-search",
      "version": "1.32.0",
      "systems": {
        "aarch64-darwin": {
          "outputs": [
            {
              "name": "out",
              "path": "/nix/store/qgxy10s834jakqjgg6ga6xbc7x5rajzc-kubectl-1.32.0",
              "default": true
            },
            {
              "name": "man",
              "path": "/nix/store/s3ha1cd7rflkgs5d513p917h8vj027gx-kubectl-1.32.0-man",
              "default": true
            },
            {
              "name": "convert",
              "path": "/nix/store/0cwwpgglwf2cij6qyyd1krgavfhnhqaj-kubectl-1.32.0-convert"
            }
          ],
          "store_path": "/nix/store/qgxy10s834jakqjgg6ga6xbc7x5rajzc-kubectl-1.32.0"
        },
        "aarch64-linux": {
          "outputs": [
            {
              "name": "out",
              "path": "/nix/store/ffy4i3cpbk5lafri7b32y7j0siad64li-kubectl-1.32.0",
              "default": true
            },
            {
              "name": "man",
              "path": "/nix/store/i89pic6i7rmjp0aa0vjksv4qhfz7gv5f-kubectl-1.32.0-man",
              "default": true
            },
            {
              "name": "convert",
              "path": "/nix/store/68psqc7xjwvrma9cyvqvhc3f9dkjzxzd-kubectl-1.32.0-convert"
            }
          ],
          "store_path": "/nix/store/ffy4i3cpbk5lafri7b32y7j0siad64li-kubectl-1.32.0"
        },
        "x86_64-darwin": {
          "outputs": [
            {
              "name": "out",
              "path": "/nix/store/8p49qx0iy2ds2irxnd6q4k5bj0xvj2ia-kubectl-1.32.0",
              "default": true
            },
            {
              "name": "man",
              "path": "/nix/store/ip3wc7x7f17fzn0130jld578nykkqqly-kubectl-1.32.0-man",
              "default": true
            },
            {
              "name": "convert",
              "path": "/nix/store/27dbhbq7zzpas2shar9zl688hhsrppbh-kubectl-1.32.0-convert"
            }
          ],
          "store_path": "/nix/store/8p49qx0iy2ds2irxnd6q4k5bj0xvj2ia-kubectl-1.32.0"
        },
        "x86_64-linux": {
          "outputs": [
            {
              "name": "out",
              "path": "/nix/store/qfyghw387ap8rrs65s7p33r48sn33wyr-kubectl-1.32.0",
              "default": true
            },
            {
              "name": "man",
              "path": "/nix/store/lpm6gmzgc1p1bpbdaw8s8lg42jzjfqfn-kubectl-1.32.0-man",
              "default": true
            },
            {
              "name": "convert",
              "path": "/nix/store/pqsbdbyli94j8x7nyf23rnc1d89a2lcd-kubectl-1.32.0-convert"
            }
          ],
          "store_path": "/nix/store/qfyghw387ap8rrs65s7p33r48sn33wyr-kubectl-1.32.0"
        }
      }
    }
  }
}
